// !$*UTF8*$!
{
	archiveVersion = 1;
	classes = {
	};
	objectVersion = 46;
	objects = {

/* Begin PBXBuildFile section */
		2D05701E179160F3005591ED /* UIKit.framework in Frameworks */ = {isa = PBXBuildFile; fileRef = 2D05701D179160F3005591ED /* UIKit.framework */; };
		2D057020179160F3005591ED /* Foundation.framework in Frameworks */ = {isa = PBXBuildFile; fileRef = 2D05701F179160F3005591ED /* Foundation.framework */; };
		2D057022179160F3005591ED /* CoreGraphics.framework in Frameworks */ = {isa = PBXBuildFile; fileRef = 2D057021179160F3005591ED /* CoreGraphics.framework */; };
		2D057028179160F3005591ED /* InfoPlist.strings in Resources */ = {isa = PBXBuildFile; fileRef = 2D057026179160F3005591ED /* InfoPlist.strings */; };
		2D05702A179160F3005591ED /* main.m in Sources */ = {isa = PBXBuildFile; fileRef = 2D057029179160F3005591ED /* main.m */; };
		2D05702E179160F3005591ED /* AppDelegate.m in Sources */ = {isa = PBXBuildFile; fileRef = 2D05702D179160F3005591ED /* AppDelegate.m */; };
		2D057030179160F3005591ED /* Default.png in Resources */ = {isa = PBXBuildFile; fileRef = 2D05702F179160F3005591ED /* Default.png */; };
		2D057032179160F3005591ED /* Default@2x.png in Resources */ = {isa = PBXBuildFile; fileRef = 2D057031179160F3005591ED /* Default@2x.png */; };
		2D057034179160F3005591ED /* Default-568h@2x.png in Resources */ = {isa = PBXBuildFile; fileRef = 2D057033179160F3005591ED /* Default-568h@2x.png */; };
		2D05703C179160F4005591ED /* SenTestingKit.framework in Frameworks */ = {isa = PBXBuildFile; fileRef = 2D05703B179160F4005591ED /* SenTestingKit.framework */; };
		2D05703D179160F4005591ED /* UIKit.framework in Frameworks */ = {isa = PBXBuildFile; fileRef = 2D05701D179160F3005591ED /* UIKit.framework */; };
		2D05703E179160F4005591ED /* Foundation.framework in Frameworks */ = {isa = PBXBuildFile; fileRef = 2D05701F179160F3005591ED /* Foundation.framework */; };
		2D057046179160F4005591ED /* InfoPlist.strings in Resources */ = {isa = PBXBuildFile; fileRef = 2D057044179160F4005591ED /* InfoPlist.strings */; };
		2D057049179160F4005591ED /* rockyourhautAppTests.m in Sources */ = {isa = PBXBuildFile; fileRef = 2D057048179160F4005591ED /* rockyourhautAppTests.m */; };
		2D057053179162B7005591ED /* Main.storyboard in Resources */ = {isa = PBXBuildFile; fileRef = 2D057052179162B7005591ED /* Main.storyboard */; };
		2D057056179163BB005591ED /* MainViewController.m in Sources */ = {isa = PBXBuildFile; fileRef = 2D057055179163BB005591ED /* MainViewController.m */; };
		2D39686417917C7800CDC2DF /* ExaminationData.m in Sources */ = {isa = PBXBuildFile; fileRef = 2D39686317917C7800CDC2DF /* ExaminationData.m */; };
		2D396866179181B000CDC2DF /* body.png in Resources */ = {isa = PBXBuildFile; fileRef = 2D396865179181B000CDC2DF /* body.png */; };
		2D396869179182B800CDC2DF /* BodyPartViewController.m in Sources */ = {isa = PBXBuildFile; fileRef = 2D396868179182B800CDC2DF /* BodyPartViewController.m */; };
		2D39686C179183B800CDC2DF /* CurrentExamination.m in Sources */ = {isa = PBXBuildFile; fileRef = 2D39686B179183B800CDC2DF /* CurrentExamination.m */; };
		2D39687317918C8D00CDC2DF /* ChooseDoctorViewController.m in Sources */ = {isa = PBXBuildFile; fileRef = 2D39687217918C8D00CDC2DF /* ChooseDoctorViewController.m */; };
		2D396AB51791910F00CDC2DF /* AFHTTPClient.m in Sources */ = {isa = PBXBuildFile; fileRef = 2D396AA31791910F00CDC2DF /* AFHTTPClient.m */; };
		2D396AB61791910F00CDC2DF /* AFHTTPRequestOperation.m in Sources */ = {isa = PBXBuildFile; fileRef = 2D396AA51791910F00CDC2DF /* AFHTTPRequestOperation.m */; };
		2D396AB71791910F00CDC2DF /* AFImageRequestOperation.m in Sources */ = {isa = PBXBuildFile; fileRef = 2D396AA71791910F00CDC2DF /* AFImageRequestOperation.m */; };
		2D396AB81791910F00CDC2DF /* AFJSONRequestOperation.m in Sources */ = {isa = PBXBuildFile; fileRef = 2D396AA91791910F00CDC2DF /* AFJSONRequestOperation.m */; };
		2D396AB91791910F00CDC2DF /* AFNetworkActivityIndicatorManager.m in Sources */ = {isa = PBXBuildFile; fileRef = 2D396AAB1791910F00CDC2DF /* AFNetworkActivityIndicatorManager.m */; };
		2D396ABA1791910F00CDC2DF /* AFPropertyListRequestOperation.m in Sources */ = {isa = PBXBuildFile; fileRef = 2D396AAE1791910F00CDC2DF /* AFPropertyListRequestOperation.m */; };
		2D396ABB1791910F00CDC2DF /* AFURLConnectionOperation.m in Sources */ = {isa = PBXBuildFile; fileRef = 2D396AB01791910F00CDC2DF /* AFURLConnectionOperation.m */; };
		2D396ABC1791910F00CDC2DF /* AFXMLRequestOperation.m in Sources */ = {isa = PBXBuildFile; fileRef = 2D396AB21791910F00CDC2DF /* AFXMLRequestOperation.m */; };
		2D396ABD1791910F00CDC2DF /* UIImageView+AFNetworking.m in Sources */ = {isa = PBXBuildFile; fileRef = 2D396AB41791910F00CDC2DF /* UIImageView+AFNetworking.m */; };
		2DB3C683179199A500D4998D /* mobile.connect.framework in Frameworks */ = {isa = PBXBuildFile; fileRef = 2DB3C681179199A400D4998D /* mobile.connect.framework */; };
		2DB3C684179199A500D4998D /* mobile.connect.checkout.framework in Frameworks */ = {isa = PBXBuildFile; fileRef = 2DB3C682179199A500D4998D /* mobile.connect.checkout.framework */; };
		2DB3C68817919D8C00D4998D /* doctor1.jpg in Resources */ = {isa = PBXBuildFile; fileRef = 2DB3C68517919D8C00D4998D /* doctor1.jpg */; };
		2DB3C68917919D8C00D4998D /* doctor2.jpg in Resources */ = {isa = PBXBuildFile; fileRef = 2DB3C68617919D8C00D4998D /* doctor2.jpg */; };
		2DB3C68A17919D8C00D4998D /* doctor3.jpg in Resources */ = {isa = PBXBuildFile; fileRef = 2DB3C68717919D8C00D4998D /* doctor3.jpg */; };
		2DB3C68F1791A04300D4998D /* doctor4.jpg in Resources */ = {isa = PBXBuildFile; fileRef = 2DB3C68E1791A04300D4998D /* doctor4.jpg */; };
		2DB3C6921791A7C600D4998D /* offline_03.png in Resources */ = {isa = PBXBuildFile; fileRef = 2DB3C6901791A7C600D4998D /* offline_03.png */; };
		2DB3C6951791AADC00D4998D /* online_03.png in Resources */ = {isa = PBXBuildFile; fileRef = 2DB3C6941791AADC00D4998D /* online_03.png */; };
		2DB3C6971791B58400D4998D /* body_female.png in Resources */ = {isa = PBXBuildFile; fileRef = 2DB3C6961791B58400D4998D /* body_female.png */; };
		2DB57C011791975100EE371F /* Security.framework in Frameworks */ = {isa = PBXBuildFile; fileRef = 2D396A9F179190ED00CDC2DF /* Security.framework */; };
/* End PBXBuildFile section */

/* Begin PBXContainerItemProxy section */
		2D05703F179160F4005591ED /* PBXContainerItemProxy */ = {
			isa = PBXContainerItemProxy;
			containerPortal = 2D057012179160F3005591ED /* Project object */;
			proxyType = 1;
			remoteGlobalIDString = 2D057019179160F3005591ED;
			remoteInfo = rockyourhautApp;
		};
/* End PBXContainerItemProxy section */

/* Begin PBXFileReference section */
		2D05701A179160F3005591ED /* rockyourhautApp.app */ = {isa = PBXFileReference; explicitFileType = wrapper.application; includeInIndex = 0; path = rockyourhautApp.app; sourceTree = BUILT_PRODUCTS_DIR; };
		2D05701D179160F3005591ED /* UIKit.framework */ = {isa = PBXFileReference; lastKnownFileType = wrapper.framework; name = UIKit.framework; path = System/Library/Frameworks/UIKit.framework; sourceTree = SDKROOT; };
		2D05701F179160F3005591ED /* Foundation.framework */ = {isa = PBXFileReference; lastKnownFileType = wrapper.framework; name = Foundation.framework; path = System/Library/Frameworks/Foundation.framework; sourceTree = SDKROOT; };
		2D057021179160F3005591ED /* CoreGraphics.framework */ = {isa = PBXFileReference; lastKnownFileType = wrapper.framework; name = CoreGraphics.framework; path = System/Library/Frameworks/CoreGraphics.framework; sourceTree = SDKROOT; };
		2D057025179160F3005591ED /* rockyourhautApp-Info.plist */ = {isa = PBXFileReference; lastKnownFileType = text.plist.xml; path = "rockyourhautApp-Info.plist"; sourceTree = "<group>"; };
		2D057027179160F3005591ED /* en */ = {isa = PBXFileReference; lastKnownFileType = text.plist.strings; name = en; path = en.lproj/InfoPlist.strings; sourceTree = "<group>"; };
		2D057029179160F3005591ED /* main.m */ = {isa = PBXFileReference; lastKnownFileType = sourcecode.c.objc; path = main.m; sourceTree = "<group>"; };
		2D05702B179160F3005591ED /* rockyourhautApp-Prefix.pch */ = {isa = PBXFileReference; lastKnownFileType = sourcecode.c.h; path = "rockyourhautApp-Prefix.pch"; sourceTree = "<group>"; };
		2D05702C179160F3005591ED /* AppDelegate.h */ = {isa = PBXFileReference; lastKnownFileType = sourcecode.c.h; path = AppDelegate.h; sourceTree = "<group>"; };
		2D05702D179160F3005591ED /* AppDelegate.m */ = {isa = PBXFileReference; lastKnownFileType = sourcecode.c.objc; path = AppDelegate.m; sourceTree = "<group>"; };
		2D05702F179160F3005591ED /* Default.png */ = {isa = PBXFileReference; lastKnownFileType = image.png; path = Default.png; sourceTree = "<group>"; };
		2D057031179160F3005591ED /* Default@2x.png */ = {isa = PBXFileReference; lastKnownFileType = image.png; path = "Default@2x.png"; sourceTree = "<group>"; };
		2D057033179160F3005591ED /* Default-568h@2x.png */ = {isa = PBXFileReference; lastKnownFileType = image.png; path = "Default-568h@2x.png"; sourceTree = "<group>"; };
		2D05703A179160F4005591ED /* rockyourhautAppTests.octest */ = {isa = PBXFileReference; explicitFileType = wrapper.cfbundle; includeInIndex = 0; path = rockyourhautAppTests.octest; sourceTree = BUILT_PRODUCTS_DIR; };
		2D05703B179160F4005591ED /* SenTestingKit.framework */ = {isa = PBXFileReference; lastKnownFileType = wrapper.framework; name = SenTestingKit.framework; path = Library/Frameworks/SenTestingKit.framework; sourceTree = DEVELOPER_DIR; };
		2D057043179160F4005591ED /* rockyourhautAppTests-Info.plist */ = {isa = PBXFileReference; lastKnownFileType = text.plist.xml; path = "rockyourhautAppTests-Info.plist"; sourceTree = "<group>"; };
		2D057045179160F4005591ED /* en */ = {isa = PBXFileReference; lastKnownFileType = text.plist.strings; name = en; path = en.lproj/InfoPlist.strings; sourceTree = "<group>"; };
		2D057047179160F4005591ED /* rockyourhautAppTests.h */ = {isa = PBXFileReference; lastKnownFileType = sourcecode.c.h; path = rockyourhautAppTests.h; sourceTree = "<group>"; };
		2D057048179160F4005591ED /* rockyourhautAppTests.m */ = {isa = PBXFileReference; lastKnownFileType = sourcecode.c.objc; path = rockyourhautAppTests.m; sourceTree = "<group>"; };
		2D057052179162B7005591ED /* Main.storyboard */ = {isa = PBXFileReference; fileEncoding = 4; lastKnownFileType = file.storyboard; path = Main.storyboard; sourceTree = "<group>"; };
		2D057054179163BB005591ED /* MainViewController.h */ = {isa = PBXFileReference; fileEncoding = 4; lastKnownFileType = sourcecode.c.h; path = MainViewController.h; sourceTree = "<group>"; };
		2D057055179163BB005591ED /* MainViewController.m */ = {isa = PBXFileReference; fileEncoding = 4; lastKnownFileType = sourcecode.c.objc; path = MainViewController.m; sourceTree = "<group>"; };
		2D39686217917C7800CDC2DF /* ExaminationData.h */ = {isa = PBXFileReference; fileEncoding = 4; lastKnownFileType = sourcecode.c.h; path = ExaminationData.h; sourceTree = "<group>"; };
		2D39686317917C7800CDC2DF /* ExaminationData.m */ = {isa = PBXFileReference; fileEncoding = 4; lastKnownFileType = sourcecode.c.objc; path = ExaminationData.m; sourceTree = "<group>"; };
		2D396865179181B000CDC2DF /* body.png */ = {isa = PBXFileReference; lastKnownFileType = image.png; path = body.png; sourceTree = "<group>"; };
		2D396867179182B800CDC2DF /* BodyPartViewController.h */ = {isa = PBXFileReference; fileEncoding = 4; lastKnownFileType = sourcecode.c.h; path = BodyPartViewController.h; sourceTree = "<group>"; };
		2D396868179182B800CDC2DF /* BodyPartViewController.m */ = {isa = PBXFileReference; fileEncoding = 4; lastKnownFileType = sourcecode.c.objc; path = BodyPartViewController.m; sourceTree = "<group>"; };
		2D39686A179183B800CDC2DF /* CurrentExamination.h */ = {isa = PBXFileReference; fileEncoding = 4; lastKnownFileType = sourcecode.c.h; path = CurrentExamination.h; sourceTree = "<group>"; };
		2D39686B179183B800CDC2DF /* CurrentExamination.m */ = {isa = PBXFileReference; fileEncoding = 4; lastKnownFileType = sourcecode.c.objc; path = CurrentExamination.m; sourceTree = "<group>"; };
		2D39687117918C8D00CDC2DF /* ChooseDoctorViewController.h */ = {isa = PBXFileReference; fileEncoding = 4; lastKnownFileType = sourcecode.c.h; path = ChooseDoctorViewController.h; sourceTree = "<group>"; };
		2D39687217918C8D00CDC2DF /* ChooseDoctorViewController.m */ = {isa = PBXFileReference; fileEncoding = 4; lastKnownFileType = sourcecode.c.objc; path = ChooseDoctorViewController.m; sourceTree = "<group>"; };
		2D396A9F179190ED00CDC2DF /* Security.framework */ = {isa = PBXFileReference; lastKnownFileType = wrapper.framework; name = Security.framework; path = System/Library/Frameworks/Security.framework; sourceTree = SDKROOT; };
		2D396AA21791910F00CDC2DF /* AFHTTPClient.h */ = {isa = PBXFileReference; fileEncoding = 4; lastKnownFileType = sourcecode.c.h; path = AFHTTPClient.h; sourceTree = "<group>"; };
		2D396AA31791910F00CDC2DF /* AFHTTPClient.m */ = {isa = PBXFileReference; fileEncoding = 4; lastKnownFileType = sourcecode.c.objc; path = AFHTTPClient.m; sourceTree = "<group>"; };
		2D396AA41791910F00CDC2DF /* AFHTTPRequestOperation.h */ = {isa = PBXFileReference; fileEncoding = 4; lastKnownFileType = sourcecode.c.h; path = AFHTTPRequestOperation.h; sourceTree = "<group>"; };
		2D396AA51791910F00CDC2DF /* AFHTTPRequestOperation.m */ = {isa = PBXFileReference; fileEncoding = 4; lastKnownFileType = sourcecode.c.objc; path = AFHTTPRequestOperation.m; sourceTree = "<group>"; };
		2D396AA61791910F00CDC2DF /* AFImageRequestOperation.h */ = {isa = PBXFileReference; fileEncoding = 4; lastKnownFileType = sourcecode.c.h; path = AFImageRequestOperation.h; sourceTree = "<group>"; };
		2D396AA71791910F00CDC2DF /* AFImageRequestOperation.m */ = {isa = PBXFileReference; fileEncoding = 4; lastKnownFileType = sourcecode.c.objc; path = AFImageRequestOperation.m; sourceTree = "<group>"; };
		2D396AA81791910F00CDC2DF /* AFJSONRequestOperation.h */ = {isa = PBXFileReference; fileEncoding = 4; lastKnownFileType = sourcecode.c.h; path = AFJSONRequestOperation.h; sourceTree = "<group>"; };
		2D396AA91791910F00CDC2DF /* AFJSONRequestOperation.m */ = {isa = PBXFileReference; fileEncoding = 4; lastKnownFileType = sourcecode.c.objc; path = AFJSONRequestOperation.m; sourceTree = "<group>"; };
		2D396AAA1791910F00CDC2DF /* AFNetworkActivityIndicatorManager.h */ = {isa = PBXFileReference; fileEncoding = 4; lastKnownFileType = sourcecode.c.h; path = AFNetworkActivityIndicatorManager.h; sourceTree = "<group>"; };
		2D396AAB1791910F00CDC2DF /* AFNetworkActivityIndicatorManager.m */ = {isa = PBXFileReference; fileEncoding = 4; lastKnownFileType = sourcecode.c.objc; path = AFNetworkActivityIndicatorManager.m; sourceTree = "<group>"; };
		2D396AAC1791910F00CDC2DF /* AFNetworking.h */ = {isa = PBXFileReference; fileEncoding = 4; lastKnownFileType = sourcecode.c.h; path = AFNetworking.h; sourceTree = "<group>"; };
		2D396AAD1791910F00CDC2DF /* AFPropertyListRequestOperation.h */ = {isa = PBXFileReference; fileEncoding = 4; lastKnownFileType = sourcecode.c.h; path = AFPropertyListRequestOperation.h; sourceTree = "<group>"; };
		2D396AAE1791910F00CDC2DF /* AFPropertyListRequestOperation.m */ = {isa = PBXFileReference; fileEncoding = 4; lastKnownFileType = sourcecode.c.objc; path = AFPropertyListRequestOperation.m; sourceTree = "<group>"; };
		2D396AAF1791910F00CDC2DF /* AFURLConnectionOperation.h */ = {isa = PBXFileReference; fileEncoding = 4; lastKnownFileType = sourcecode.c.h; path = AFURLConnectionOperation.h; sourceTree = "<group>"; };
		2D396AB01791910F00CDC2DF /* AFURLConnectionOperation.m */ = {isa = PBXFileReference; fileEncoding = 4; lastKnownFileType = sourcecode.c.objc; path = AFURLConnectionOperation.m; sourceTree = "<group>"; };
		2D396AB11791910F00CDC2DF /* AFXMLRequestOperation.h */ = {isa = PBXFileReference; fileEncoding = 4; lastKnownFileType = sourcecode.c.h; path = AFXMLRequestOperation.h; sourceTree = "<group>"; };
		2D396AB21791910F00CDC2DF /* AFXMLRequestOperation.m */ = {isa = PBXFileReference; fileEncoding = 4; lastKnownFileType = sourcecode.c.objc; path = AFXMLRequestOperation.m; sourceTree = "<group>"; };
		2D396AB31791910F00CDC2DF /* UIImageView+AFNetworking.h */ = {isa = PBXFileReference; fileEncoding = 4; lastKnownFileType = sourcecode.c.h; path = "UIImageView+AFNetworking.h"; sourceTree = "<group>"; };
		2D396AB41791910F00CDC2DF /* UIImageView+AFNetworking.m */ = {isa = PBXFileReference; fileEncoding = 4; lastKnownFileType = sourcecode.c.objc; path = "UIImageView+AFNetworking.m"; sourceTree = "<group>"; };
		2DB3C681179199A400D4998D /* mobile.connect.framework */ = {isa = PBXFileReference; lastKnownFileType = wrapper.framework; path = mobile.connect.framework; sourceTree = "<group>"; };
		2DB3C682179199A500D4998D /* mobile.connect.checkout.framework */ = {isa = PBXFileReference; lastKnownFileType = wrapper.framework; path = mobile.connect.checkout.framework; sourceTree = "<group>"; };
		2DB3C68517919D8C00D4998D /* doctor1.jpg */ = {isa = PBXFileReference; lastKnownFileType = image.jpeg; path = doctor1.jpg; sourceTree = "<group>"; };
		2DB3C68617919D8C00D4998D /* doctor2.jpg */ = {isa = PBXFileReference; lastKnownFileType = image.jpeg; path = doctor2.jpg; sourceTree = "<group>"; };
		2DB3C68717919D8C00D4998D /* doctor3.jpg */ = {isa = PBXFileReference; lastKnownFileType = image.jpeg; path = doctor3.jpg; sourceTree = "<group>"; };
		2DB3C68E1791A04300D4998D /* doctor4.jpg */ = {isa = PBXFileReference; lastKnownFileType = image.jpeg; path = doctor4.jpg; sourceTree = "<group>"; };
		2DB3C6901791A7C600D4998D /* offline_03.png */ = {isa = PBXFileReference; lastKnownFileType = image.png; path = offline_03.png; sourceTree = "<group>"; };
		2DB3C6941791AADC00D4998D /* online_03.png */ = {isa = PBXFileReference; lastKnownFileType = image.png; path = online_03.png; sourceTree = "<group>"; };
		2DB3C6961791B58400D4998D /* body_female.png */ = {isa = PBXFileReference; lastKnownFileType = image.png; path = body_female.png; sourceTree = "<group>"; };
/* End PBXFileReference section */

/* Begin PBXFrameworksBuildPhase section */
		2D057017179160F3005591ED /* Frameworks */ = {
			isa = PBXFrameworksBuildPhase;
			buildActionMask = 2147483647;
			files = (
				2D05701E179160F3005591ED /* UIKit.framework in Frameworks */,
				2D057020179160F3005591ED /* Foundation.framework in Frameworks */,
				2D057022179160F3005591ED /* CoreGraphics.framework in Frameworks */,
				2DB57C011791975100EE371F /* Security.framework in Frameworks */,
				2DB3C683179199A500D4998D /* mobile.connect.framework in Frameworks */,
				2DB3C684179199A500D4998D /* mobile.connect.checkout.framework in Frameworks */,
			);
			runOnlyForDeploymentPostprocessing = 0;
		};
		2D057036179160F4005591ED /* Frameworks */ = {
			isa = PBXFrameworksBuildPhase;
			buildActionMask = 2147483647;
			files = (
				2D05703C179160F4005591ED /* SenTestingKit.framework in Frameworks */,
				2D05703D179160F4005591ED /* UIKit.framework in Frameworks */,
				2D05703E179160F4005591ED /* Foundation.framework in Frameworks */,
			);
			runOnlyForDeploymentPostprocessing = 0;
		};
/* End PBXFrameworksBuildPhase section */

/* Begin PBXGroup section */
		2D057011179160F3005591ED = {
			isa = PBXGroup;
			children = (
				2D057023179160F3005591ED /* rockyourhautApp */,
				2D057041179160F4005591ED /* rockyourhautAppTests */,
				2D05701C179160F3005591ED /* Frameworks */,
				2D05701B179160F3005591ED /* Products */,
			);
			sourceTree = "<group>";
		};
		2D05701B179160F3005591ED /* Products */ = {
			isa = PBXGroup;
			children = (
				2D05701A179160F3005591ED /* rockyourhautApp.app */,
				2D05703A179160F4005591ED /* rockyourhautAppTests.octest */,
			);
			name = Products;
			sourceTree = "<group>";
		};
		2D05701C179160F3005591ED /* Frameworks */ = {
			isa = PBXGroup;
			children = (
				2DB3C681179199A400D4998D /* mobile.connect.framework */,
				2DB3C682179199A500D4998D /* mobile.connect.checkout.framework */,
				2D396A9F179190ED00CDC2DF /* Security.framework */,
				2D396AA11791910F00CDC2DF /* AFNetworking */,
				2D05701D179160F3005591ED /* UIKit.framework */,
				2D05701F179160F3005591ED /* Foundation.framework */,
				2D057021179160F3005591ED /* CoreGraphics.framework */,
				2D05703B179160F4005591ED /* SenTestingKit.framework */,
			);
			name = Frameworks;
			sourceTree = "<group>";
		};
		2D057023179160F3005591ED /* rockyourhautApp */ = {
			isa = PBXGroup;
			children = (
				2DB3C68E1791A04300D4998D /* doctor4.jpg */,
				2DB3C68517919D8C00D4998D /* doctor1.jpg */,
				2DB3C68617919D8C00D4998D /* doctor2.jpg */,
				2DB3C68717919D8C00D4998D /* doctor3.jpg */,
				2D396865179181B000CDC2DF /* body.png */,
				2D05702C179160F3005591ED /* AppDelegate.h */,
				2D05702D179160F3005591ED /* AppDelegate.m */,
				2DB3C6901791A7C600D4998D /* offline_03.png */,
				2DB3C6941791AADC00D4998D /* online_03.png */,
				2DB3C6961791B58400D4998D /* body_female.png */,
				2D057024179160F3005591ED /* Supporting Files */,
				2D057052179162B7005591ED /* Main.storyboard */,
				2D057054179163BB005591ED /* MainViewController.h */,
				2D057055179163BB005591ED /* MainViewController.m */,
				2D39686217917C7800CDC2DF /* ExaminationData.h */,
				2D39686317917C7800CDC2DF /* ExaminationData.m */,
				2D396867179182B800CDC2DF /* BodyPartViewController.h */,
				2D396868179182B800CDC2DF /* BodyPartViewController.m */,
				2D39686A179183B800CDC2DF /* CurrentExamination.h */,
				2D39686B179183B800CDC2DF /* CurrentExamination.m */,
				2D39687117918C8D00CDC2DF /* ChooseDoctorViewController.h */,
				2D39687217918C8D00CDC2DF /* ChooseDoctorViewController.m */,
			);
			path = rockyourhautApp;
			sourceTree = "<group>";
		};
		2D057024179160F3005591ED /* Supporting Files */ = {
			isa = PBXGroup;
			children = (
				2D057025179160F3005591ED /* rockyourhautApp-Info.plist */,
				2D057026179160F3005591ED /* InfoPlist.strings */,
				2D057029179160F3005591ED /* main.m */,
				2D05702B179160F3005591ED /* rockyourhautApp-Prefix.pch */,
				2D05702F179160F3005591ED /* Default.png */,
				2D057031179160F3005591ED /* Default@2x.png */,
				2D057033179160F3005591ED /* Default-568h@2x.png */,
			);
			name = "Supporting Files";
			sourceTree = "<group>";
		};
		2D057041179160F4005591ED /* rockyourhautAppTests */ = {
			isa = PBXGroup;
			children = (
				2D057047179160F4005591ED /* rockyourhautAppTests.h */,
				2D057048179160F4005591ED /* rockyourhautAppTests.m */,
				2D057042179160F4005591ED /* Supporting Files */,
			);
			path = rockyourhautAppTests;
			sourceTree = "<group>";
		};
		2D057042179160F4005591ED /* Supporting Files */ = {
			isa = PBXGroup;
			children = (
				2D057043179160F4005591ED /* rockyourhautAppTests-Info.plist */,
				2D057044179160F4005591ED /* InfoPlist.strings */,
			);
			name = "Supporting Files";
			sourceTree = "<group>";
		};
		2D396AA11791910F00CDC2DF /* AFNetworking */ = {
			isa = PBXGroup;
			children = (
				2D396AA21791910F00CDC2DF /* AFHTTPClient.h */,
				2D396AA31791910F00CDC2DF /* AFHTTPClient.m */,
				2D396AA41791910F00CDC2DF /* AFHTTPRequestOperation.h */,
				2D396AA51791910F00CDC2DF /* AFHTTPRequestOperation.m */,
				2D396AA61791910F00CDC2DF /* AFImageRequestOperation.h */,
				2D396AA71791910F00CDC2DF /* AFImageRequestOperation.m */,
				2D396AA81791910F00CDC2DF /* AFJSONRequestOperation.h */,
				2D396AA91791910F00CDC2DF /* AFJSONRequestOperation.m */,
				2D396AAA1791910F00CDC2DF /* AFNetworkActivityIndicatorManager.h */,
				2D396AAB1791910F00CDC2DF /* AFNetworkActivityIndicatorManager.m */,
				2D396AAC1791910F00CDC2DF /* AFNetworking.h */,
				2D396AAD1791910F00CDC2DF /* AFPropertyListRequestOperation.h */,
				2D396AAE1791910F00CDC2DF /* AFPropertyListRequestOperation.m */,
				2D396AAF1791910F00CDC2DF /* AFURLConnectionOperation.h */,
				2D396AB01791910F00CDC2DF /* AFURLConnectionOperation.m */,
				2D396AB11791910F00CDC2DF /* AFXMLRequestOperation.h */,
				2D396AB21791910F00CDC2DF /* AFXMLRequestOperation.m */,
				2D396AB31791910F00CDC2DF /* UIImageView+AFNetworking.h */,
				2D396AB41791910F00CDC2DF /* UIImageView+AFNetworking.m */,
			);
			path = AFNetworking;
			sourceTree = "<group>";
		};
/* End PBXGroup section */

/* Begin PBXNativeTarget section */
		2D057019179160F3005591ED /* rockyourhautApp */ = {
			isa = PBXNativeTarget;
			buildConfigurationList = 2D05704C179160F4005591ED /* Build configuration list for PBXNativeTarget "rockyourhautApp" */;
			buildPhases = (
				2D057016179160F3005591ED /* Sources */,
				2D057017179160F3005591ED /* Frameworks */,
				2D057018179160F3005591ED /* Resources */,
			);
			buildRules = (
			);
			dependencies = (
			);
			name = rockyourhautApp;
			productName = rockyourhautApp;
			productReference = 2D05701A179160F3005591ED /* rockyourhautApp.app */;
			productType = "com.apple.product-type.application";
		};
		2D057039179160F4005591ED /* rockyourhautAppTests */ = {
			isa = PBXNativeTarget;
			buildConfigurationList = 2D05704F179160F4005591ED /* Build configuration list for PBXNativeTarget "rockyourhautAppTests" */;
			buildPhases = (
				2D057035179160F4005591ED /* Sources */,
				2D057036179160F4005591ED /* Frameworks */,
				2D057037179160F4005591ED /* Resources */,
				2D057038179160F4005591ED /* ShellScript */,
			);
			buildRules = (
			);
			dependencies = (
				2D057040179160F4005591ED /* PBXTargetDependency */,
			);
			name = rockyourhautAppTests;
			productName = rockyourhautAppTests;
			productReference = 2D05703A179160F4005591ED /* rockyourhautAppTests.octest */;
			productType = "com.apple.product-type.bundle";
		};
/* End PBXNativeTarget section */

/* Begin PBXProject section */
		2D057012179160F3005591ED /* Project object */ = {
			isa = PBXProject;
			attributes = {
				LastUpgradeCheck = 0460;
				ORGANIZATIONNAME = "Korbinian Breu";
			};
			buildConfigurationList = 2D057015179160F3005591ED /* Build configuration list for PBXProject "rockyourhautApp" */;
			compatibilityVersion = "Xcode 3.2";
			developmentRegion = English;
			hasScannedForEncodings = 0;
			knownRegions = (
				en,
			);
			mainGroup = 2D057011179160F3005591ED;
			productRefGroup = 2D05701B179160F3005591ED /* Products */;
			projectDirPath = "";
			projectRoot = "";
			targets = (
				2D057019179160F3005591ED /* rockyourhautApp */,
				2D057039179160F4005591ED /* rockyourhautAppTests */,
			);
		};
/* End PBXProject section */

/* Begin PBXResourcesBuildPhase section */
		2D057018179160F3005591ED /* Resources */ = {
			isa = PBXResourcesBuildPhase;
			buildActionMask = 2147483647;
			files = (
				2D057028179160F3005591ED /* InfoPlist.strings in Resources */,
				2D057030179160F3005591ED /* Default.png in Resources */,
				2D057032179160F3005591ED /* Default@2x.png in Resources */,
				2D057034179160F3005591ED /* Default-568h@2x.png in Resources */,
				2D057053179162B7005591ED /* Main.storyboard in Resources */,
				2D396866179181B000CDC2DF /* body.png in Resources */,
				2DB3C68817919D8C00D4998D /* doctor1.jpg in Resources */,
				2DB3C68917919D8C00D4998D /* doctor2.jpg in Resources */,
				2DB3C68A17919D8C00D4998D /* doctor3.jpg in Resources */,
				2DB3C68F1791A04300D4998D /* doctor4.jpg in Resources */,
				2DB3C6921791A7C600D4998D /* offline_03.png in Resources */,
				2DB3C6951791AADC00D4998D /* online_03.png in Resources */,
				2DB3C6971791B58400D4998D /* body_female.png in Resources */,
			);
			runOnlyForDeploymentPostprocessing = 0;
		};
		2D057037179160F4005591ED /* Resources */ = {
			isa = PBXResourcesBuildPhase;
			buildActionMask = 2147483647;
			files = (
				2D057046179160F4005591ED /* InfoPlist.strings in Resources */,
			);
			runOnlyForDeploymentPostprocessing = 0;
		};
/* End PBXResourcesBuildPhase section */

/* Begin PBXShellScriptBuildPhase section */
		2D057038179160F4005591ED /* ShellScript */ = {
			isa = PBXShellScriptBuildPhase;
			buildActionMask = 2147483647;
			files = (
			);
			inputPaths = (
			);
			outputPaths = (
			);
			runOnlyForDeploymentPostprocessing = 0;
			shellPath = /bin/sh;
			shellScript = "# Run the unit tests in this test bundle.\n\"${SYSTEM_DEVELOPER_DIR}/Tools/RunUnitTests\"\n";
		};
/* End PBXShellScriptBuildPhase section */

/* Begin PBXSourcesBuildPhase section */
		2D057016179160F3005591ED /* Sources */ = {
			isa = PBXSourcesBuildPhase;
			buildActionMask = 2147483647;
			files = (
				2D05702A179160F3005591ED /* main.m in Sources */,
				2D05702E179160F3005591ED /* AppDelegate.m in Sources */,
				2D057056179163BB005591ED /* MainViewController.m in Sources */,
				2D39686417917C7800CDC2DF /* ExaminationData.m in Sources */,
				2D396869179182B800CDC2DF /* BodyPartViewController.m in Sources */,
				2D39686C179183B800CDC2DF /* CurrentExamination.m in Sources */,
				2D39687317918C8D00CDC2DF /* ChooseDoctorViewController.m in Sources */,
				2D396AB51791910F00CDC2DF /* AFHTTPClient.m in Sources */,
				2D396AB61791910F00CDC2DF /* AFHTTPRequestOperation.m in Sources */,
				2D396AB71791910F00CDC2DF /* AFImageRequestOperation.m in Sources */,
				2D396AB81791910F00CDC2DF /* AFJSONRequestOperation.m in Sources */,
				2D396AB91791910F00CDC2DF /* AFNetworkActivityIndicatorManager.m in Sources */,
				2D396ABA1791910F00CDC2DF /* AFPropertyListRequestOperation.m in Sources */,
				2D396ABB1791910F00CDC2DF /* AFURLConnectionOperation.m in Sources */,
				2D396ABC1791910F00CDC2DF /* AFXMLRequestOperation.m in Sources */,
				2D396ABD1791910F00CDC2DF /* UIImageView+AFNetworking.m in Sources */,
			);
			runOnlyForDeploymentPostprocessing = 0;
		};
		2D057035179160F4005591ED /* Sources */ = {
			isa = PBXSourcesBuildPhase;
			buildActionMask = 2147483647;
			files = (
				2D057049179160F4005591ED /* rockyourhautAppTests.m in Sources */,
			);
			runOnlyForDeploymentPostprocessing = 0;
		};
/* End PBXSourcesBuildPhase section */

/* Begin PBXTargetDependency section */
		2D057040179160F4005591ED /* PBXTargetDependency */ = {
			isa = PBXTargetDependency;
			target = 2D057019179160F3005591ED /* rockyourhautApp */;
			targetProxy = 2D05703F179160F4005591ED /* PBXContainerItemProxy */;
		};
/* End PBXTargetDependency section */

/* Begin PBXVariantGroup section */
		2D057026179160F3005591ED /* InfoPlist.strings */ = {
			isa = PBXVariantGroup;
			children = (
				2D057027179160F3005591ED /* en */,
			);
			name = InfoPlist.strings;
			sourceTree = "<group>";
		};
		2D057044179160F4005591ED /* InfoPlist.strings */ = {
			isa = PBXVariantGroup;
			children = (
				2D057045179160F4005591ED /* en */,
			);
			name = InfoPlist.strings;
			sourceTree = "<group>";
		};
/* End PBXVariantGroup section */

/* Begin XCBuildConfiguration section */
		2D05704A179160F4005591ED /* Debug */ = {
			isa = XCBuildConfiguration;
			buildSettings = {
				ALWAYS_SEARCH_USER_PATHS = NO;
				CLANG_CXX_LANGUAGE_STANDARD = "gnu++0x";
				CLANG_CXX_LIBRARY = "libc++";
				CLANG_ENABLE_OBJC_ARC = YES;
				CLANG_WARN_CONSTANT_CONVERSION = YES;
				CLANG_WARN_EMPTY_BODY = YES;
				CLANG_WARN_ENUM_CONVERSION = YES;
				CLANG_WARN_INT_CONVERSION = YES;
				CLANG_WARN__DUPLICATE_METHOD_MATCH = YES;
				"CODE_SIGN_IDENTITY[sdk=iphoneos*]" = "iPhone Developer";
				COPY_PHASE_STRIP = NO;
				GCC_C_LANGUAGE_STANDARD = gnu99;
				GCC_DYNAMIC_NO_PIC = NO;
				GCC_OPTIMIZATION_LEVEL = 0;
				GCC_PREPROCESSOR_DEFINITIONS = (
					"DEBUG=1",
					"$(inherited)",
				);
				GCC_SYMBOLS_PRIVATE_EXTERN = NO;
				GCC_WARN_ABOUT_RETURN_TYPE = YES;
				GCC_WARN_UNINITIALIZED_AUTOS = YES;
				GCC_WARN_UNUSED_VARIABLE = YES;
				IPHONEOS_DEPLOYMENT_TARGET = 6.1;
				ONLY_ACTIVE_ARCH = YES;
				SDKROOT = iphoneos;
			};
			name = Debug;
		};
		2D05704B179160F4005591ED /* Release */ = {
			isa = XCBuildConfiguration;
			buildSettings = {
				ALWAYS_SEARCH_USER_PATHS = NO;
				CLANG_CXX_LANGUAGE_STANDARD = "gnu++0x";
				CLANG_CXX_LIBRARY = "libc++";
				CLANG_ENABLE_OBJC_ARC = YES;
				CLANG_WARN_CONSTANT_CONVERSION = YES;
				CLANG_WARN_EMPTY_BODY = YES;
				CLANG_WARN_ENUM_CONVERSION = YES;
				CLANG_WARN_INT_CONVERSION = YES;
				CLANG_WARN__DUPLICATE_METHOD_MATCH = YES;
				"CODE_SIGN_IDENTITY[sdk=iphoneos*]" = "iPhone Developer";
				COPY_PHASE_STRIP = YES;
				GCC_C_LANGUAGE_STANDARD = gnu99;
				GCC_WARN_ABOUT_RETURN_TYPE = YES;
				GCC_WARN_UNINITIALIZED_AUTOS = YES;
				GCC_WARN_UNUSED_VARIABLE = YES;
				IPHONEOS_DEPLOYMENT_TARGET = 6.1;
				OTHER_CFLAGS = "-DNS_BLOCK_ASSERTIONS=1";
				SDKROOT = iphoneos;
				VALIDATE_PRODUCT = YES;
			};
			name = Release;
		};
		2D05704D179160F4005591ED /* Debug */ = {
			isa = XCBuildConfiguration;
			buildSettings = {
				FRAMEWORK_SEARCH_PATHS = (
					"$(inherited)",
					"\"$(SRCROOT)\"",
					"\"$(SRCROOT)/payworks.connect/Products\"",
					"\"$(SYSTEM_APPS_DIR)/Xcode.app/Contents/Developer/Library/Frameworks\"",
				);
				GCC_PRECOMPILE_PREFIX_HEADER = YES;
				GCC_PREFIX_HEADER = "rockyourhautApp/rockyourhautApp-Prefix.pch";
				INFOPLIST_FILE = "rockyourhautApp/rockyourhautApp-Info.plist";
				PRODUCT_NAME = "$(TARGET_NAME)";
				WRAPPER_EXTENSION = app;
			};
			name = Debug;
		};
		2D05704E179160F4005591ED /* Release */ = {
			isa = XCBuildConfiguration;
			buildSettings = {
				FRAMEWORK_SEARCH_PATHS = (
					"$(inherited)",
					"\"$(SRCROOT)\"",
					"\"$(SRCROOT)/payworks.connect/Products\"",
					"\"$(SYSTEM_APPS_DIR)/Xcode.app/Contents/Developer/Library/Frameworks\"",
				);
				GCC_PRECOMPILE_PREFIX_HEADER = YES;
				GCC_PREFIX_HEADER = "rockyourhautApp/rockyourhautApp-Prefix.pch";
				INFOPLIST_FILE = "rockyourhautApp/rockyourhautApp-Info.plist";
				PRODUCT_NAME = "$(TARGET_NAME)";
				WRAPPER_EXTENSION = app;
			};
			name = Release;
		};
		2D057050179160F4005591ED /* Debug */ = {
			isa = XCBuildConfiguration;
			buildSettings = {
				BUNDLE_LOADER = "$(BUILT_PRODUCTS_DIR)/rockyourhautApp.app/rockyourhautApp";
				FRAMEWORK_SEARCH_PATHS = (
					"\"$(SDKROOT)/Developer/Library/Frameworks\"",
					"\"$(DEVELOPER_LIBRARY_DIR)/Frameworks\"",
				);
				GCC_PRECOMPILE_PREFIX_HEADER = YES;
				GCC_PREFIX_HEADER = "rockyourhautApp/rockyourhautApp-Prefix.pch";
				INFOPLIST_FILE = "rockyourhautAppTests/rockyourhautAppTests-Info.plist";
				PRODUCT_NAME = "$(TARGET_NAME)";
				TEST_HOST = "$(BUNDLE_LOADER)";
				WRAPPER_EXTENSION = octest;
			};
			name = Debug;
		};
		2D057051179160F4005591ED /* Release */ = {
			isa = XCBuildConfiguration;
			buildSettings = {
				BUNDLE_LOADER = "$(BUILT_PRODUCTS_DIR)/rockyourhautApp.app/rockyourhautApp";
				FRAMEWORK_SEARCH_PATHS = (
					"\"$(SDKROOT)/Developer/Library/Frameworks\"",
					"\"$(DEVELOPER_LIBRARY_DIR)/Frameworks\"",
				);
				GCC_PRECOMPILE_PREFIX_HEADER = YES;
				GCC_PREFIX_HEADER = "rockyourhautApp/rockyourhautApp-Prefix.pch";
				INFOPLIST_FILE = "rockyourhautAppTests/rockyourhautAppTests-Info.plist";
				PRODUCT_NAME = "$(TARGET_NAME)";
				TEST_HOST = "$(BUNDLE_LOADER)";
				WRAPPER_EXTENSION = octest;
			};
			name = Release;
		};
/* End XCBuildConfiguration section */

/* Begin XCConfigurationList section */
		2D057015179160F3005591ED /* Build configuration list for PBXProject "rockyourhautApp" */ = {
			isa = XCConfigurationList;
			buildConfigurations = (
				2D05704A179160F4005591ED /* Debug */,
				2D05704B179160F4005591ED /* Release */,
			);
			defaultConfigurationIsVisible = 0;
			defaultConfigurationName = Release;
		};
		2D05704C179160F4005591ED /* Build configuration list for PBXNativeTarget "rockyourhautApp" */ = {
			isa = XCConfigurationList;
			buildConfigurations = (
				2D05704D179160F4005591ED /* Debug */,
				2D05704E179160F4005591ED /* Release */,
			);
			defaultConfigurationIsVisible = 0;
			defaultConfigurationName = Release;
		};
		2D05704F179160F4005591ED /* Build configuration list for PBXNativeTarget "rockyourhautAppTests" */ = {
			isa = XCConfigurationList;
			buildConfigurations = (
				2D057050179160F4005591ED /* Debug */,
				2D057051179160F4005591ED /* Release */,
			);
			defaultConfigurationIsVisible = 0;
			defaultConfigurationName = Release;
		};
/* End XCConfigurationList section */
	};
	rootObject = 2D057012179160F3005591ED /* Project object */;
}
